
Microsoft Visual Studio Solution File, Format Version 12.00
# Visual Studio Version 17
VisualStudioVersion = 17.6.33723.286
MinimumVisualStudioVersion = 10.0.40219.1
Project("{FAE04EC0-301F-11D3-BF4B-00C04F79EFBC}") = "finalghanekar", "finalghanekar\finalghanekar.csproj", "{7D8C60F6-B865-45BA-8F38-483E66A123B6}"
EndProject
Global
	GlobalSection(SolutionConfigurationPlatforms) = preSolution
		Debug|Any CPU = Debug|Any CPU
		Release|Any CPU = Release|Any CPU
	EndGlobalSection
	GlobalSection(ProjectConfigurationPlatforms) = postSolution
		{7D8C60F6-B865-45BA-8F38-483E66A123B6}.Debug|Any CPU.ActiveCfg = Debug|Any CPU
		{7D8C60F6-B865-45BA-8F38-483E66A123B6}.Debug|Any CPU.Build.0 = Debug|Any CPU
		{7D8C60F6-B865-45BA-8F38-483E66A123B6}.Release|Any CPU.ActiveCfg = Release|Any CPU
		{7D8C60F6-B865-45BA-8F38-483E66A123B6}.Release|Any CPU.Build.0 = Release|Any CPU
	EndGlobalSection
	GlobalSection(SolutionProperties) = preSolution
		HideSolutionNode = FALSE
	EndGlobalSection
	GlobalSection(ExtensibilityGlobals) = postSolution
		SolutionGuid = {8FFB0068-4CED-444C-85F4-53C0927EDE9A}
	EndGlobalSection
EndGlobal
